
Microsoft Visual Studio Solution File, Format Version 12.00
# Visual Studio Version 17
VisualStudioVersion = 17.10.35004.147
MinimumVisualStudioVersion = 10.0.40219.1
Project("{9A19103F-16F7-4668-BE54-9A1E7A4F7556}") = "LecturerHourlyClaimApp", "LecturerHourlyClaimApp.csproj", "{5E6984D4-C347-4A2F-AED4-179B192416C1}"
EndProject
Global
	GlobalSection(SolutionConfigurationPlatforms) = preSolution
		Debug|Any CPU = Debug|Any CPU
		Release|Any CPU = Release|Any CPU
	EndGlobalSection
	GlobalSection(ProjectConfigurationPlatforms) = postSolution
		{5E6984D4-C347-4A2F-AED4-179B192416C1}.Debug|Any CPU.ActiveCfg = Debug|Any CPU
		{5E6984D4-C347-4A2F-AED4-179B192416C1}.Debug|Any CPU.Build.0 = Debug|Any CPU
		{5E6984D4-C347-4A2F-AED4-179B192416C1}.Release|Any CPU.ActiveCfg = Release|Any CPU
		{5E6984D4-C347-4A2F-AED4-179B192416C1}.Release|Any CPU.Build.0 = Release|Any CPU
	EndGlobalSection
	GlobalSection(SolutionProperties) = preSolution
		HideSolutionNode = FALSE
	EndGlobalSection
	GlobalSection(ExtensibilityGlobals) = postSolution
		SolutionGuid = {0D11AD69-4CC0-4644-986E-30BE10F97B1F}
	EndGlobalSection
EndGlobal
